
Microsoft Visual Studio Solution File, Format Version 12.00
# Visual Studio Version 17
VisualStudioVersion = 17.2.32317.152
MinimumVisualStudioVersion = 10.0.40219.1
Project("{FAE04EC0-301F-11D3-BF4B-00C04F79EFBC}") = "SixtyNames", "SixtyNames\SixtyNames.csproj", "{5E5D8C09-8203-41AD-B461-934757BFA3DE}"
EndProject
Global
	GlobalSection(SolutionConfigurationPlatforms) = preSolution
		Debug|Any CPU = Debug|Any CPU
		Release|Any CPU = Release|Any CPU
	EndGlobalSection
	GlobalSection(ProjectConfigurationPlatforms) = postSolution
		{5E5D8C09-8203-41AD-B461-934757BFA3DE}.Debug|Any CPU.ActiveCfg = Debug|Any CPU
		{5E5D8C09-8203-41AD-B461-934757BFA3DE}.Debug|Any CPU.Build.0 = Debug|Any CPU
		{5E5D8C09-8203-41AD-B461-934757BFA3DE}.Release|Any CPU.ActiveCfg = Release|Any CPU
		{5E5D8C09-8203-41AD-B461-934757BFA3DE}.Release|Any CPU.Build.0 = Release|Any CPU
	EndGlobalSection
	GlobalSection(SolutionProperties) = preSolution
		HideSolutionNode = FALSE
	EndGlobalSection
	GlobalSection(ExtensibilityGlobals) = postSolution
		SolutionGuid = {6C9B4434-0145-477E-8655-3E54A11E8813}
	EndGlobalSection
EndGlobal
